// !$*UTF8*$!
{
	archiveVersion = 1;
	classes = {
	};
	objectVersion = 46;
	objects = {

/* Begin PBXBuildFile section */
		0BDF4597C7D3AF1AA257F9F5 /* Pods_PiBeacon_Client___mobile_editionTests.framework in Frameworks */ = {isa = PBXBuildFile; fileRef = E1D091A8B1DEDED93F35274C /* Pods_PiBeacon_Client___mobile_editionTests.framework */; };
		5338BB439AE0F613BD5E74ED /* Pods_PiBeacon_Client___mobile_edition.framework in Frameworks */ = {isa = PBXBuildFile; fileRef = 1ED923EB03E0A27A9F57599B /* Pods_PiBeacon_Client___mobile_edition.framework */; };
		C063E37E1F0FCCD80072B5D2 /* Alamofire.framework in Frameworks */ = {isa = PBXBuildFile; fileRef = C063E37C1F0FCC960072B5D2 /* Alamofire.framework */; };
		C0658EBC1F22307500EEC29C /* ARViewController.swift in Sources */ = {isa = PBXBuildFile; fileRef = C0658EBB1F22307500EEC29C /* ARViewController.swift */; };
		C0658EBE1F22386A00EEC29C /* Beacon.scn in Resources */ = {isa = PBXBuildFile; fileRef = C0658EBD1F22386A00EEC29C /* Beacon.scn */; };
		C0D12C7C1F2245210069C48A /* Main.scn in Resources */ = {isa = PBXBuildFile; fileRef = C0D12C7B1F2245210069C48A /* Main.scn */; };
		C0E214581F0D5FB800B1FA8C /* Background.png in Resources */ = {isa = PBXBuildFile; fileRef = C0E214571F0D40AF00B1FA8C /* Background.png */; };
		C0E3DF601F06A2CB00A22EA4 /* AppDelegate.swift in Sources */ = {isa = PBXBuildFile; fileRef = C0E3DF5F1F06A2CB00A22EA4 /* AppDelegate.swift */; };
		C0E3DF621F06A2CB00A22EA4 /* ViewController.swift in Sources */ = {isa = PBXBuildFile; fileRef = C0E3DF611F06A2CB00A22EA4 /* ViewController.swift */; };
		C0E3DF651F06A2CB00A22EA4 /* Main.storyboard in Resources */ = {isa = PBXBuildFile; fileRef = C0E3DF631F06A2CB00A22EA4 /* Main.storyboard */; };
		C0E3DF671F06A2CB00A22EA4 /* Assets.xcassets in Resources */ = {isa = PBXBuildFile; fileRef = C0E3DF661F06A2CB00A22EA4 /* Assets.xcassets */; };
		C0E3DF6A1F06A2CB00A22EA4 /* LaunchScreen.storyboard in Resources */ = {isa = PBXBuildFile; fileRef = C0E3DF681F06A2CB00A22EA4 /* LaunchScreen.storyboard */; };
		C0E3DF751F06A2CB00A22EA4 /* PiBeacon_Client___mobile_editionTests.swift in Sources */ = {isa = PBXBuildFile; fileRef = C0E3DF741F06A2CB00A22EA4 /* PiBeacon_Client___mobile_editionTests.swift */; };
		C0E3DF801F06A2CB00A22EA4 /* PiBeacon_Client___mobile_editionUITests.swift in Sources */ = {isa = PBXBuildFile; fileRef = C0E3DF7F1F06A2CB00A22EA4 /* PiBeacon_Client___mobile_editionUITests.swift */; };
		C0FE17E51F0E7DB5003DB63B /* BeaconCell.swift in Sources */ = {isa = PBXBuildFile; fileRef = C0FE17E41F0E7DB5003DB63B /* BeaconCell.swift */; };
		D907EA484C8A5DB8834B5EE9 /* Pods_PiBeacon_Client___mobile_editionUITests.framework in Frameworks */ = {isa = PBXBuildFile; fileRef = 2276990045D9201ED2994A8C /* Pods_PiBeacon_Client___mobile_editionUITests.framework */; };
/* End PBXBuildFile section */

/* Begin PBXContainerItemProxy section */
		C0E3DF711F06A2CB00A22EA4 /* PBXContainerItemProxy */ = {
			isa = PBXContainerItemProxy;
			containerPortal = C0E3DF541F06A2CB00A22EA4 /* Project object */;
			proxyType = 1;
			remoteGlobalIDString = C0E3DF5B1F06A2CB00A22EA4;
			remoteInfo = "PiBeacon Client - mobile edition";
		};
		C0E3DF7C1F06A2CB00A22EA4 /* PBXContainerItemProxy */ = {
			isa = PBXContainerItemProxy;
			containerPortal = C0E3DF541F06A2CB00A22EA4 /* Project object */;
			proxyType = 1;
			remoteGlobalIDString = C0E3DF5B1F06A2CB00A22EA4;
			remoteInfo = "PiBeacon Client - mobile edition";
		};
/* End PBXContainerItemProxy section */

/* Begin PBXFileReference section */
		1ED923EB03E0A27A9F57599B /* Pods_PiBeacon_Client___mobile_edition.framework */ = {isa = PBXFileReference; explicitFileType = wrapper.framework; includeInIndex = 0; path = "Pods_PiBeacon_Client___mobile_edition.framework"; sourceTree = BUILT_PRODUCTS_DIR; };
		2276990045D9201ED2994A8C /* Pods_PiBeacon_Client___mobile_editionUITests.framework */ = {isa = PBXFileReference; explicitFileType = wrapper.framework; includeInIndex = 0; path = "Pods_PiBeacon_Client___mobile_editionUITests.framework"; sourceTree = BUILT_PRODUCTS_DIR; };
		2A34B67F3BDEE930961F1D1B /* Pods-PiBeacon Client - mobile editionTests.debug.xcconfig */ = {isa = PBXFileReference; includeInIndex = 1; lastKnownFileType = text.xcconfig; name = "Pods-PiBeacon Client - mobile editionTests.debug.xcconfig"; path = "Pods/Target Support Files/Pods-PiBeacon Client - mobile editionTests/Pods-PiBeacon Client - mobile editionTests.debug.xcconfig"; sourceTree = "<group>"; };
		59B309EE6A3EC82F6164C1CB /* Pods-PiBeacon Client - mobile edition.debug.xcconfig */ = {isa = PBXFileReference; includeInIndex = 1; lastKnownFileType = text.xcconfig; name = "Pods-PiBeacon Client - mobile edition.debug.xcconfig"; path = "Pods/Target Support Files/Pods-PiBeacon Client - mobile edition/Pods-PiBeacon Client - mobile edition.debug.xcconfig"; sourceTree = "<group>"; };
		A53299590ACE52D9E14D3B97 /* Pods-PiBeacon Client - mobile edition.release.xcconfig */ = {isa = PBXFileReference; includeInIndex = 1; lastKnownFileType = text.xcconfig; name = "Pods-PiBeacon Client - mobile edition.release.xcconfig"; path = "Pods/Target Support Files/Pods-PiBeacon Client - mobile edition/Pods-PiBeacon Client - mobile edition.release.xcconfig"; sourceTree = "<group>"; };
		B776EB10D0CD894D5F1E919E /* Pods-PiBeacon Client - mobile editionUITests.release.xcconfig */ = {isa = PBXFileReference; includeInIndex = 1; lastKnownFileType = text.xcconfig; name = "Pods-PiBeacon Client - mobile editionUITests.release.xcconfig"; path = "Pods/Target Support Files/Pods-PiBeacon Client - mobile editionUITests/Pods-PiBeacon Client - mobile editionUITests.release.xcconfig"; sourceTree = "<group>"; };
		C063E37C1F0FCC960072B5D2 /* Alamofire.framework */ = {isa = PBXFileReference; lastKnownFileType = wrapper.framework; name = Alamofire.framework; path = "../../../Library/Developer/Xcode/DerivedData/PiBeacon_Client_-_mobile_edition-aanhcncdvpraubeewhdfspurfqps/Build/Products/Debug-iphoneos/Alamofire/Alamofire.framework"; sourceTree = "<group>"; };
		C0658EBB1F22307500EEC29C /* ARViewController.swift */ = {isa = PBXFileReference; lastKnownFileType = sourcecode.swift; path = ARViewController.swift; sourceTree = "<group>"; };
		C0658EBD1F22386A00EEC29C /* Beacon.scn */ = {isa = PBXFileReference; lastKnownFileType = file.bplist; path = Beacon.scn; sourceTree = "<group>"; };
		C0D12C7B1F2245210069C48A /* Main.scn */ = {isa = PBXFileReference; lastKnownFileType = file.bplist; path = Main.scn; sourceTree = "<group>"; };
		C0E214571F0D40AF00B1FA8C /* Background.png */ = {isa = PBXFileReference; lastKnownFileType = image.png; path = Background.png; sourceTree = "<group>"; };
		C0E3DF5C1F06A2CB00A22EA4 /* PiBeacon Client - mobile edition.app */ = {isa = PBXFileReference; explicitFileType = wrapper.application; includeInIndex = 0; path = "PiBeacon Client - mobile edition.app"; sourceTree = BUILT_PRODUCTS_DIR; };
		C0E3DF5F1F06A2CB00A22EA4 /* AppDelegate.swift */ = {isa = PBXFileReference; lastKnownFileType = sourcecode.swift; path = AppDelegate.swift; sourceTree = "<group>"; };
		C0E3DF611F06A2CB00A22EA4 /* ViewController.swift */ = {isa = PBXFileReference; lastKnownFileType = sourcecode.swift; path = ViewController.swift; sourceTree = "<group>"; };
		C0E3DF641F06A2CB00A22EA4 /* Base */ = {isa = PBXFileReference; lastKnownFileType = file.storyboard; name = Base; path = Base.lproj/Main.storyboard; sourceTree = "<group>"; };
		C0E3DF661F06A2CB00A22EA4 /* Assets.xcassets */ = {isa = PBXFileReference; lastKnownFileType = folder.assetcatalog; path = Assets.xcassets; sourceTree = "<group>"; };
		C0E3DF691F06A2CB00A22EA4 /* Base */ = {isa = PBXFileReference; lastKnownFileType = file.storyboard; name = Base; path = Base.lproj/LaunchScreen.storyboard; sourceTree = "<group>"; };
		C0E3DF6B1F06A2CB00A22EA4 /* Info.plist */ = {isa = PBXFileReference; lastKnownFileType = text.plist.xml; path = Info.plist; sourceTree = "<group>"; };
		C0E3DF701F06A2CB00A22EA4 /* PiBeacon Client - mobile editionTests.xctest */ = {isa = PBXFileReference; explicitFileType = wrapper.cfbundle; includeInIndex = 0; path = "PiBeacon Client - mobile editionTests.xctest"; sourceTree = BUILT_PRODUCTS_DIR; };
		C0E3DF741F06A2CB00A22EA4 /* PiBeacon_Client___mobile_editionTests.swift */ = {isa = PBXFileReference; lastKnownFileType = sourcecode.swift; path = "PiBeacon_Client___mobile_editionTests.swift"; sourceTree = "<group>"; };
		C0E3DF761F06A2CB00A22EA4 /* Info.plist */ = {isa = PBXFileReference; lastKnownFileType = text.plist.xml; path = Info.plist; sourceTree = "<group>"; };
		C0E3DF7B1F06A2CB00A22EA4 /* PiBeacon Client - mobile editionUITests.xctest */ = {isa = PBXFileReference; explicitFileType = wrapper.cfbundle; includeInIndex = 0; path = "PiBeacon Client - mobile editionUITests.xctest"; sourceTree = BUILT_PRODUCTS_DIR; };
		C0E3DF7F1F06A2CB00A22EA4 /* PiBeacon_Client___mobile_editionUITests.swift */ = {isa = PBXFileReference; lastKnownFileType = sourcecode.swift; path = "PiBeacon_Client___mobile_editionUITests.swift"; sourceTree = "<group>"; };
		C0E3DF811F06A2CB00A22EA4 /* Info.plist */ = {isa = PBXFileReference; lastKnownFileType = text.plist.xml; path = Info.plist; sourceTree = "<group>"; };
		C0FE17E41F0E7DB5003DB63B /* BeaconCell.swift */ = {isa = PBXFileReference; lastKnownFileType = sourcecode.swift; path = BeaconCell.swift; sourceTree = "<group>"; };
		C3ADE6F3D07D29E8788946C9 /* Pods-PiBeacon Client - mobile editionTests.release.xcconfig */ = {isa = PBXFileReference; includeInIndex = 1; lastKnownFileType = text.xcconfig; name = "Pods-PiBeacon Client - mobile editionTests.release.xcconfig"; path = "Pods/Target Support Files/Pods-PiBeacon Client - mobile editionTests/Pods-PiBeacon Client - mobile editionTests.release.xcconfig"; sourceTree = "<group>"; };
		E1D091A8B1DEDED93F35274C /* Pods_PiBeacon_Client___mobile_editionTests.framework */ = {isa = PBXFileReference; explicitFileType = wrapper.framework; includeInIndex = 0; path = "Pods_PiBeacon_Client___mobile_editionTests.framework"; sourceTree = BUILT_PRODUCTS_DIR; };
		F54FB560BCF49753B795447E /* Pods-PiBeacon Client - mobile editionUITests.debug.xcconfig */ = {isa = PBXFileReference; includeInIndex = 1; lastKnownFileType = text.xcconfig; name = "Pods-PiBeacon Client - mobile editionUITests.debug.xcconfig"; path = "Pods/Target Support Files/Pods-PiBeacon Client - mobile editionUITests/Pods-PiBeacon Client - mobile editionUITests.debug.xcconfig"; sourceTree = "<group>"; };
/* End PBXFileReference section */

/* Begin PBXFrameworksBuildPhase section */
		C0E3DF591F06A2CB00A22EA4 /* Frameworks */ = {
			isa = PBXFrameworksBuildPhase;
			buildActionMask = 2147483647;
			files = (
				5338BB439AE0F613BD5E74ED /* Pods_PiBeacon_Client___mobile_edition.framework in Frameworks */,
				C063E37E1F0FCCD80072B5D2 /* Alamofire.framework in Frameworks */,
			);
			runOnlyForDeploymentPostprocessing = 0;
		};
		C0E3DF6D1F06A2CB00A22EA4 /* Frameworks */ = {
			isa = PBXFrameworksBuildPhase;
			buildActionMask = 2147483647;
			files = (
				0BDF4597C7D3AF1AA257F9F5 /* Pods_PiBeacon_Client___mobile_editionTests.framework in Frameworks */,
			);
			runOnlyForDeploymentPostprocessing = 0;
		};
		C0E3DF781F06A2CB00A22EA4 /* Frameworks */ = {
			isa = PBXFrameworksBuildPhase;
			buildActionMask = 2147483647;
			files = (
				D907EA484C8A5DB8834B5EE9 /* Pods_PiBeacon_Client___mobile_editionUITests.framework in Frameworks */,
			);
			runOnlyForDeploymentPostprocessing = 0;
		};
/* End PBXFrameworksBuildPhase section */

/* Begin PBXGroup section */
		2B264AE899D80C1705D77C93 /* Pods */ = {
			isa = PBXGroup;
			children = (
				59B309EE6A3EC82F6164C1CB /* Pods-PiBeacon Client - mobile edition.debug.xcconfig */,
				A53299590ACE52D9E14D3B97 /* Pods-PiBeacon Client - mobile edition.release.xcconfig */,
				2A34B67F3BDEE930961F1D1B /* Pods-PiBeacon Client - mobile editionTests.debug.xcconfig */,
				C3ADE6F3D07D29E8788946C9 /* Pods-PiBeacon Client - mobile editionTests.release.xcconfig */,
				F54FB560BCF49753B795447E /* Pods-PiBeacon Client - mobile editionUITests.debug.xcconfig */,
				B776EB10D0CD894D5F1E919E /* Pods-PiBeacon Client - mobile editionUITests.release.xcconfig */,
			);
			name = Pods;
			sourceTree = "<group>";
		};
		3F6108B04D8B8B568F7AE97E /* Frameworks */ = {
			isa = PBXGroup;
			children = (
				C063E37C1F0FCC960072B5D2 /* Alamofire.framework */,
				1ED923EB03E0A27A9F57599B /* Pods_PiBeacon_Client___mobile_edition.framework */,
				E1D091A8B1DEDED93F35274C /* Pods_PiBeacon_Client___mobile_editionTests.framework */,
				2276990045D9201ED2994A8C /* Pods_PiBeacon_Client___mobile_editionUITests.framework */,
			);
			name = Frameworks;
			sourceTree = "<group>";
		};
		C0E3DF531F06A2CB00A22EA4 = {
			isa = PBXGroup;
			children = (
				C0E3DF5E1F06A2CB00A22EA4 /* PiBeacon Client - mobile edition */,
				C0E3DF731F06A2CB00A22EA4 /* PiBeacon Client - mobile editionTests */,
				C0E3DF7E1F06A2CB00A22EA4 /* PiBeacon Client - mobile editionUITests */,
				C0E3DF5D1F06A2CB00A22EA4 /* Products */,
				2B264AE899D80C1705D77C93 /* Pods */,
				3F6108B04D8B8B568F7AE97E /* Frameworks */,
			);
			sourceTree = "<group>";
		};
		C0E3DF5D1F06A2CB00A22EA4 /* Products */ = {
			isa = PBXGroup;
			children = (
				C0E3DF5C1F06A2CB00A22EA4 /* PiBeacon Client - mobile edition.app */,
				C0E3DF701F06A2CB00A22EA4 /* PiBeacon Client - mobile editionTests.xctest */,
				C0E3DF7B1F06A2CB00A22EA4 /* PiBeacon Client - mobile editionUITests.xctest */,
			);
			name = Products;
			sourceTree = "<group>";
		};
		C0E3DF5E1F06A2CB00A22EA4 /* PiBeacon Client - mobile edition */ = {
			isa = PBXGroup;
			children = (
				C0E3DF5F1F06A2CB00A22EA4 /* AppDelegate.swift */,
				C0E3DF611F06A2CB00A22EA4 /* ViewController.swift */,
				C0658EBB1F22307500EEC29C /* ARViewController.swift */,
				C0FE17E41F0E7DB5003DB63B /* BeaconCell.swift */,
				C0D12C7B1F2245210069C48A /* Main.scn */,
				C0658EBD1F22386A00EEC29C /* Beacon.scn */,
				C0E3DF631F06A2CB00A22EA4 /* Main.storyboard */,
				C0E214571F0D40AF00B1FA8C /* Background.png */,
				C0E3DF661F06A2CB00A22EA4 /* Assets.xcassets */,
				C0E3DF681F06A2CB00A22EA4 /* LaunchScreen.storyboard */,
				C0E3DF6B1F06A2CB00A22EA4 /* Info.plist */,
			);
			path = "PiBeacon Client - mobile edition";
			sourceTree = "<group>";
		};
		C0E3DF731F06A2CB00A22EA4 /* PiBeacon Client - mobile editionTests */ = {
			isa = PBXGroup;
			children = (
				C0E3DF741F06A2CB00A22EA4 /* PiBeacon_Client___mobile_editionTests.swift */,
				C0E3DF761F06A2CB00A22EA4 /* Info.plist */,
			);
			path = "PiBeacon Client - mobile editionTests";
			sourceTree = "<group>";
		};
		C0E3DF7E1F06A2CB00A22EA4 /* PiBeacon Client - mobile editionUITests */ = {
			isa = PBXGroup;
			children = (
				C0E3DF7F1F06A2CB00A22EA4 /* PiBeacon_Client___mobile_editionUITests.swift */,
				C0E3DF811F06A2CB00A22EA4 /* Info.plist */,
			);
			path = "PiBeacon Client - mobile editionUITests";
			sourceTree = "<group>";
		};
/* End PBXGroup section */

/* Begin PBXNativeTarget section */
		C0E3DF5B1F06A2CB00A22EA4 /* PiBeacon Client - mobile edition */ = {
			isa = PBXNativeTarget;
			buildConfigurationList = C0E3DF841F06A2CB00A22EA4 /* Build configuration list for PBXNativeTarget "PiBeacon Client - mobile edition" */;
			buildPhases = (
				4C179AE7FEBA09A03768D4E7 /* [CP] Check Pods Manifest.lock */,
				C0E3DF581F06A2CB00A22EA4 /* Sources */,
				C0E3DF591F06A2CB00A22EA4 /* Frameworks */,
				C0E3DF5A1F06A2CB00A22EA4 /* Resources */,
				18296FF2FC0A7403C68CC08E /* [CP] Embed Pods Frameworks */,
				782F9D0B1F03F4B0588BD1A3 /* [CP] Copy Pods Resources */,
			);
			buildRules = (
			);
			dependencies = (
			);
			name = "PiBeacon Client - mobile edition";
			productName = "PiBeacon Client - mobile edition";
			productReference = C0E3DF5C1F06A2CB00A22EA4 /* PiBeacon Client - mobile edition.app */;
			productType = "com.apple.product-type.application";
		};
		C0E3DF6F1F06A2CB00A22EA4 /* PiBeacon Client - mobile editionTests */ = {
			isa = PBXNativeTarget;
			buildConfigurationList = C0E3DF871F06A2CB00A22EA4 /* Build configuration list for PBXNativeTarget "PiBeacon Client - mobile editionTests" */;
			buildPhases = (
				9FEA42F0AF9CD43A387E2975 /* [CP] Check Pods Manifest.lock */,
				C0E3DF6C1F06A2CB00A22EA4 /* Sources */,
				C0E3DF6D1F06A2CB00A22EA4 /* Frameworks */,
				C0E3DF6E1F06A2CB00A22EA4 /* Resources */,
				847545599869E2586F911280 /* [CP] Embed Pods Frameworks */,
				38D862E7E46783F390F0EFA0 /* [CP] Copy Pods Resources */,
			);
			buildRules = (
			);
			dependencies = (
				C0E3DF721F06A2CB00A22EA4 /* PBXTargetDependency */,
			);
			name = "PiBeacon Client - mobile editionTests";
			productName = "PiBeacon Client - mobile editionTests";
			productReference = C0E3DF701F06A2CB00A22EA4 /* PiBeacon Client - mobile editionTests.xctest */;
			productType = "com.apple.product-type.bundle.unit-test";
		};
		C0E3DF7A1F06A2CB00A22EA4 /* PiBeacon Client - mobile editionUITests */ = {
			isa = PBXNativeTarget;
			buildConfigurationList = C0E3DF8A1F06A2CB00A22EA4 /* Build configuration list for PBXNativeTarget "PiBeacon Client - mobile editionUITests" */;
			buildPhases = (
				7A5D9E485C567F9817149FA9 /* [CP] Check Pods Manifest.lock */,
				C0E3DF771F06A2CB00A22EA4 /* Sources */,
				C0E3DF781F06A2CB00A22EA4 /* Frameworks */,
				C0E3DF791F06A2CB00A22EA4 /* Resources */,
				72FA28298E170C13A9311AD0 /* [CP] Embed Pods Frameworks */,
				48F909A5B76723F4EF8EB15F /* [CP] Copy Pods Resources */,
			);
			buildRules = (
			);
			dependencies = (
				C0E3DF7D1F06A2CB00A22EA4 /* PBXTargetDependency */,
			);
			name = "PiBeacon Client - mobile editionUITests";
			productName = "PiBeacon Client - mobile editionUITests";
			productReference = C0E3DF7B1F06A2CB00A22EA4 /* PiBeacon Client - mobile editionUITests.xctest */;
			productType = "com.apple.product-type.bundle.ui-testing";
		};
/* End PBXNativeTarget section */

/* Begin PBXProject section */
		C0E3DF541F06A2CB00A22EA4 /* Project object */ = {
			isa = PBXProject;
			attributes = {
				LastSwiftUpdateCheck = 0900;
				LastUpgradeCheck = 0900;
				ORGANIZATIONNAME = Gerzer;
				TargetAttributes = {
					C0E3DF5B1F06A2CB00A22EA4 = {
						CreatedOnToolsVersion = 8.3.3;
						LastSwiftMigration = 0900;
						ProvisioningStyle = Automatic;
						SystemCapabilities = {
							com.apple.BackgroundModes = {
								enabled = 1;
							};
						};
					};
					C0E3DF6F1F06A2CB00A22EA4 = {
						CreatedOnToolsVersion = 8.3.3;
						LastSwiftMigration = 0900;
						ProvisioningStyle = Automatic;
						TestTargetID = C0E3DF5B1F06A2CB00A22EA4;
					};
					C0E3DF7A1F06A2CB00A22EA4 = {
						CreatedOnToolsVersion = 8.3.3;
						LastSwiftMigration = 0900;
						ProvisioningStyle = Automatic;
						TestTargetID = C0E3DF5B1F06A2CB00A22EA4;
					};
				};
			};
			buildConfigurationList = C0E3DF571F06A2CB00A22EA4 /* Build configuration list for PBXProject "PiBeacon Client - mobile edition" */;
			compatibilityVersion = "Xcode 3.2";
			developmentRegion = English;
			hasScannedForEncodings = 0;
			knownRegions = (
				en,
				Base,
			);
			mainGroup = C0E3DF531F06A2CB00A22EA4;
			productRefGroup = C0E3DF5D1F06A2CB00A22EA4 /* Products */;
			projectDirPath = "";
			projectRoot = "";
			targets = (
				C0E3DF5B1F06A2CB00A22EA4 /* PiBeacon Client - mobile edition */,
				C0E3DF6F1F06A2CB00A22EA4 /* PiBeacon Client - mobile editionTests */,
				C0E3DF7A1F06A2CB00A22EA4 /* PiBeacon Client - mobile editionUITests */,
			);
		};
/* End PBXProject section */

/* Begin PBXResourcesBuildPhase section */
		C0E3DF5A1F06A2CB00A22EA4 /* Resources */ = {
			isa = PBXResourcesBuildPhase;
			buildActionMask = 2147483647;
			files = (
				C0E3DF6A1F06A2CB00A22EA4 /* LaunchScreen.storyboard in Resources */,
				C0658EBE1F22386A00EEC29C /* Beacon.scn in Resources */,
				C0E214581F0D5FB800B1FA8C /* Background.png in Resources */,
				C0D12C7C1F2245210069C48A /* Main.scn in Resources */,
				C0E3DF671F06A2CB00A22EA4 /* Assets.xcassets in Resources */,
				C0E3DF651F06A2CB00A22EA4 /* Main.storyboard in Resources */,
			);
			runOnlyForDeploymentPostprocessing = 0;
		};
		C0E3DF6E1F06A2CB00A22EA4 /* Resources */ = {
			isa = PBXResourcesBuildPhase;
			buildActionMask = 2147483647;
			files = (
			);
			runOnlyForDeploymentPostprocessing = 0;
		};
		C0E3DF791F06A2CB00A22EA4 /* Resources */ = {
			isa = PBXResourcesBuildPhase;
			buildActionMask = 2147483647;
			files = (
			);
			runOnlyForDeploymentPostprocessing = 0;
		};
/* End PBXResourcesBuildPhase section */

/* Begin PBXShellScriptBuildPhase section */
		18296FF2FC0A7403C68CC08E /* [CP] Embed Pods Frameworks */ = {
			isa = PBXShellScriptBuildPhase;
			buildActionMask = 2147483647;
			files = (
			);
			inputPaths = (
			);
			name = "[CP] Embed Pods Frameworks";
			outputPaths = (
			);
			runOnlyForDeploymentPostprocessing = 0;
			shellPath = /bin/sh;
			shellScript = "\"${SRCROOT}/Pods/Target Support Files/Pods-PiBeacon Client - mobile edition/Pods-PiBeacon Client - mobile edition-frameworks.sh\"\n";
			showEnvVarsInLog = 0;
		};
		38D862E7E46783F390F0EFA0 /* [CP] Copy Pods Resources */ = {
			isa = PBXShellScriptBuildPhase;
			buildActionMask = 2147483647;
			files = (
			);
			inputPaths = (
			);
			name = "[CP] Copy Pods Resources";
			outputPaths = (
			);
			runOnlyForDeploymentPostprocessing = 0;
			shellPath = /bin/sh;
			shellScript = "\"${SRCROOT}/Pods/Target Support Files/Pods-PiBeacon Client - mobile editionTests/Pods-PiBeacon Client - mobile editionTests-resources.sh\"\n";
			showEnvVarsInLog = 0;
		};
		48F909A5B76723F4EF8EB15F /* [CP] Copy Pods Resources */ = {
			isa = PBXShellScriptBuildPhase;
			buildActionMask = 2147483647;
			files = (
			);
			inputPaths = (
			);
			name = "[CP] Copy Pods Resources";
			outputPaths = (
			);
			runOnlyForDeploymentPostprocessing = 0;
			shellPath = /bin/sh;
			shellScript = "\"${SRCROOT}/Pods/Target Support Files/Pods-PiBeacon Client - mobile editionUITests/Pods-PiBeacon Client - mobile editionUITests-resources.sh\"\n";
			showEnvVarsInLog = 0;
		};
		4C179AE7FEBA09A03768D4E7 /* [CP] Check Pods Manifest.lock */ = {
			isa = PBXShellScriptBuildPhase;
			buildActionMask = 2147483647;
			files = (
			);
			inputPaths = (
			);
			name = "[CP] Check Pods Manifest.lock";
			outputPaths = (
			);
			runOnlyForDeploymentPostprocessing = 0;
			shellPath = /bin/sh;
			shellScript = "diff \"${PODS_ROOT}/../Podfile.lock\" \"${PODS_ROOT}/Manifest.lock\" > /dev/null\nif [ $? != 0 ] ; then\n    # print error to STDERR\n    echo \"error: The sandbox is not in sync with the Podfile.lock. Run 'pod install' or update your CocoaPods installation.\" >&2\n    exit 1\nfi\n";
			showEnvVarsInLog = 0;
		};
		72FA28298E170C13A9311AD0 /* [CP] Embed Pods Frameworks */ = {
			isa = PBXShellScriptBuildPhase;
			buildActionMask = 2147483647;
			files = (
			);
			inputPaths = (
			);
			name = "[CP] Embed Pods Frameworks";
			outputPaths = (
			);
			runOnlyForDeploymentPostprocessing = 0;
			shellPath = /bin/sh;
			shellScript = "\"${SRCROOT}/Pods/Target Support Files/Pods-PiBeacon Client - mobile editionUITests/Pods-PiBeacon Client - mobile editionUITests-frameworks.sh\"\n";
			showEnvVarsInLog = 0;
		};
		782F9D0B1F03F4B0588BD1A3 /* [CP] Copy Pods Resources */ = {
			isa = PBXShellScriptBuildPhase;
			buildActionMask = 2147483647;
			files = (
			);
			inputPaths = (
			);
			name = "[CP] Copy Pods Resources";
			outputPaths = (
			);
			runOnlyForDeploymentPostprocessing = 0;
			shellPath = /bin/sh;
			shellScript = "\"${SRCROOT}/Pods/Target Support Files/Pods-PiBeacon Client - mobile edition/Pods-PiBeacon Client - mobile edition-resources.sh\"\n";
			showEnvVarsInLog = 0;
		};
		7A5D9E485C567F9817149FA9 /* [CP] Check Pods Manifest.lock */ = {
			isa = PBXShellScriptBuildPhase;
			buildActionMask = 2147483647;
			files = (
			);
			inputPaths = (
			);
			name = "[CP] Check Pods Manifest.lock";
			outputPaths = (
			);
			runOnlyForDeploymentPostprocessing = 0;
			shellPath = /bin/sh;
			shellScript = "diff \"${PODS_ROOT}/../Podfile.lock\" \"${PODS_ROOT}/Manifest.lock\" > /dev/null\nif [ $? != 0 ] ; then\n    # print error to STDERR\n    echo \"error: The sandbox is not in sync with the Podfile.lock. Run 'pod install' or update your CocoaPods installation.\" >&2\n    exit 1\nfi\n";
			showEnvVarsInLog = 0;
		};
		847545599869E2586F911280 /* [CP] Embed Pods Frameworks */ = {
			isa = PBXShellScriptBuildPhase;
			buildActionMask = 2147483647;
			files = (
			);
			inputPaths = (
			);
			name = "[CP] Embed Pods Frameworks";
			outputPaths = (
			);
			runOnlyForDeploymentPostprocessing = 0;
			shellPath = /bin/sh;
			shellScript = "\"${SRCROOT}/Pods/Target Support Files/Pods-PiBeacon Client - mobile editionTests/Pods-PiBeacon Client - mobile editionTests-frameworks.sh\"\n";
			showEnvVarsInLog = 0;
		};
		9FEA42F0AF9CD43A387E2975 /* [CP] Check Pods Manifest.lock */ = {
			isa = PBXShellScriptBuildPhase;
			buildActionMask = 2147483647;
			files = (
			);
			inputPaths = (
			);
			name = "[CP] Check Pods Manifest.lock";
			outputPaths = (
			);
			runOnlyForDeploymentPostprocessing = 0;
			shellPath = /bin/sh;
			shellScript = "diff \"${PODS_ROOT}/../Podfile.lock\" \"${PODS_ROOT}/Manifest.lock\" > /dev/null\nif [ $? != 0 ] ; then\n    # print error to STDERR\n    echo \"error: The sandbox is not in sync with the Podfile.lock. Run 'pod install' or update your CocoaPods installation.\" >&2\n    exit 1\nfi\n";
			showEnvVarsInLog = 0;
		};
/* End PBXShellScriptBuildPhase section */

/* Begin PBXSourcesBuildPhase section */
		C0E3DF581F06A2CB00A22EA4 /* Sources */ = {
			isa = PBXSourcesBuildPhase;
			buildActionMask = 2147483647;
			files = (
				C0E3DF621F06A2CB00A22EA4 /* ViewController.swift in Sources */,
				C0E3DF601F06A2CB00A22EA4 /* AppDelegate.swift in Sources */,
				C0FE17E51F0E7DB5003DB63B /* BeaconCell.swift in Sources */,
				C0658EBC1F22307500EEC29C /* ARViewController.swift in Sources */,
			);
			runOnlyForDeploymentPostprocessing = 0;
		};
		C0E3DF6C1F06A2CB00A22EA4 /* Sources */ = {
			isa = PBXSourcesBuildPhase;
			buildActionMask = 2147483647;
			files = (
				C0E3DF751F06A2CB00A22EA4 /* PiBeacon_Client___mobile_editionTests.swift in Sources */,
			);
			runOnlyForDeploymentPostprocessing = 0;
		};
		C0E3DF771F06A2CB00A22EA4 /* Sources */ = {
			isa = PBXSourcesBuildPhase;
			buildActionMask = 2147483647;
			files = (
				C0E3DF801F06A2CB00A22EA4 /* PiBeacon_Client___mobile_editionUITests.swift in Sources */,
			);
			runOnlyForDeploymentPostprocessing = 0;
		};
/* End PBXSourcesBuildPhase section */

/* Begin PBXTargetDependency section */
		C0E3DF721F06A2CB00A22EA4 /* PBXTargetDependency */ = {
			isa = PBXTargetDependency;
			target = C0E3DF5B1F06A2CB00A22EA4 /* PiBeacon Client - mobile edition */;
			targetProxy = C0E3DF711F06A2CB00A22EA4 /* PBXContainerItemProxy */;
		};
		C0E3DF7D1F06A2CB00A22EA4 /* PBXTargetDependency */ = {
			isa = PBXTargetDependency;
			target = C0E3DF5B1F06A2CB00A22EA4 /* PiBeacon Client - mobile edition */;
			targetProxy = C0E3DF7C1F06A2CB00A22EA4 /* PBXContainerItemProxy */;
		};
/* End PBXTargetDependency section */

/* Begin PBXVariantGroup section */
		C0E3DF631F06A2CB00A22EA4 /* Main.storyboard */ = {
			isa = PBXVariantGroup;
			children = (
				C0E3DF641F06A2CB00A22EA4 /* Base */,
			);
			name = Main.storyboard;
			sourceTree = "<group>";
		};
		C0E3DF681F06A2CB00A22EA4 /* LaunchScreen.storyboard */ = {
			isa = PBXVariantGroup;
			children = (
				C0E3DF691F06A2CB00A22EA4 /* Base */,
			);
			name = LaunchScreen.storyboard;
			sourceTree = "<group>";
		};
/* End PBXVariantGroup section */

/* Begin XCBuildConfiguration section */
		C0E3DF821F06A2CB00A22EA4 /* Debug */ = {
			isa = XCBuildConfiguration;
			buildSettings = {
				ALWAYS_SEARCH_USER_PATHS = NO;
				CLANG_ANALYZER_NONNULL = YES;
				CLANG_ANALYZER_NUMBER_OBJECT_CONVERSION = YES_AGGRESSIVE;
				CLANG_CXX_LANGUAGE_STANDARD = "gnu++0x";
				CLANG_CXX_LIBRARY = "libc++";
				CLANG_ENABLE_MODULES = YES;
				CLANG_ENABLE_OBJC_ARC = YES;
				CLANG_WARN_BLOCK_CAPTURE_AUTORELEASING = YES;
				CLANG_WARN_BOOL_CONVERSION = YES;
				CLANG_WARN_COMMA = YES;
				CLANG_WARN_CONSTANT_CONVERSION = YES;
				CLANG_WARN_DIRECT_OBJC_ISA_USAGE = YES_ERROR;
				CLANG_WARN_DOCUMENTATION_COMMENTS = YES;
				CLANG_WARN_EMPTY_BODY = YES;
				CLANG_WARN_ENUM_CONVERSION = YES;
				CLANG_WARN_INFINITE_RECURSION = YES;
				CLANG_WARN_INT_CONVERSION = YES;
				CLANG_WARN_NON_LITERAL_NULL_CONVERSION = YES;
				CLANG_WARN_OBJC_LITERAL_CONVERSION = YES;
				CLANG_WARN_OBJC_ROOT_CLASS = YES_ERROR;
				CLANG_WARN_RANGE_LOOP_ANALYSIS = YES;
				CLANG_WARN_STRICT_PROTOTYPES = YES;
				CLANG_WARN_SUSPICIOUS_MOVE = YES;
				CLANG_WARN_UNREACHABLE_CODE = YES;
				CLANG_WARN__DUPLICATE_METHOD_MATCH = YES;
				"CODE_SIGN_IDENTITY[sdk=iphoneos*]" = "iPhone Developer";
				COPY_PHASE_STRIP = NO;
				DEBUG_INFORMATION_FORMAT = dwarf;
				ENABLE_STRICT_OBJC_MSGSEND = YES;
				ENABLE_TESTABILITY = YES;
				GCC_C_LANGUAGE_STANDARD = gnu99;
				GCC_DYNAMIC_NO_PIC = NO;
				GCC_NO_COMMON_BLOCKS = YES;
				GCC_OPTIMIZATION_LEVEL = 0;
				GCC_PREPROCESSOR_DEFINITIONS = (
					"DEBUG=1",
					"$(inherited)",
				);
				GCC_WARN_64_TO_32_BIT_CONVERSION = YES;
				GCC_WARN_ABOUT_RETURN_TYPE = YES_ERROR;
				GCC_WARN_UNDECLARED_SELECTOR = YES;
				GCC_WARN_UNINITIALIZED_AUTOS = YES_AGGRESSIVE;
				GCC_WARN_UNUSED_FUNCTION = YES;
				GCC_WARN_UNUSED_VARIABLE = YES;
				IPHONEOS_DEPLOYMENT_TARGET = 11.0;
				MTL_ENABLE_DEBUG_INFO = YES;
				ONLY_ACTIVE_ARCH = YES;
				SDKROOT = iphoneos;
				SWIFT_ACTIVE_COMPILATION_CONDITIONS = DEBUG;
				SWIFT_OPTIMIZATION_LEVEL = "-Onone";
				TARGETED_DEVICE_FAMILY = "1,2";
			};
			name = Debug;
		};
		C0E3DF831F06A2CB00A22EA4 /* Release */ = {
			isa = XCBuildConfiguration;
			buildSettings = {
				ALWAYS_SEARCH_USER_PATHS = NO;
				CLANG_ANALYZER_NONNULL = YES;
				CLANG_ANALYZER_NUMBER_OBJECT_CONVERSION = YES_AGGRESSIVE;
				CLANG_CXX_LANGUAGE_STANDARD = "gnu++0x";
				CLANG_CXX_LIBRARY = "libc++";
				CLANG_ENABLE_MODULES = YES;
				CLANG_ENABLE_OBJC_ARC = YES;
				CLANG_WARN_BLOCK_CAPTURE_AUTORELEASING = YES;
				CLANG_WARN_BOOL_CONVERSION = YES;
				CLANG_WARN_COMMA = YES;
				CLANG_WARN_CONSTANT_CONVERSION = YES;
				CLANG_WARN_DIRECT_OBJC_ISA_USAGE = YES_ERROR;
				CLANG_WARN_DOCUMENTATION_COMMENTS = YES;
				CLANG_WARN_EMPTY_BODY = YES;
				CLANG_WARN_ENUM_CONVERSION = YES;
				CLANG_WARN_INFINITE_RECURSION = YES;
				CLANG_WARN_INT_CONVERSION = YES;
				CLANG_WARN_NON_LITERAL_NULL_CONVERSION = YES;
				CLANG_WARN_OBJC_LITERAL_CONVERSION = YES;
				CLANG_WARN_OBJC_ROOT_CLASS = YES_ERROR;
				CLANG_WARN_RANGE_LOOP_ANALYSIS = YES;
				CLANG_WARN_STRICT_PROTOTYPES = YES;
				CLANG_WARN_SUSPICIOUS_MOVE = YES;
				CLANG_WARN_UNREACHABLE_CODE = YES;
				CLANG_WARN__DUPLICATE_METHOD_MATCH = YES;
				"CODE_SIGN_IDENTITY[sdk=iphoneos*]" = "iPhone Developer";
				COPY_PHASE_STRIP = NO;
				DEBUG_INFORMATION_FORMAT = "dwarf-with-dsym";
				ENABLE_NS_ASSERTIONS = NO;
				ENABLE_STRICT_OBJC_MSGSEND = YES;
				GCC_C_LANGUAGE_STANDARD = gnu99;
				GCC_NO_COMMON_BLOCKS = YES;
				GCC_WARN_64_TO_32_BIT_CONVERSION = YES;
				GCC_WARN_ABOUT_RETURN_TYPE = YES_ERROR;
				GCC_WARN_UNDECLARED_SELECTOR = YES;
				GCC_WARN_UNINITIALIZED_AUTOS = YES_AGGRESSIVE;
				GCC_WARN_UNUSED_FUNCTION = YES;
				GCC_WARN_UNUSED_VARIABLE = YES;
				IPHONEOS_DEPLOYMENT_TARGET = 11.0;
				MTL_ENABLE_DEBUG_INFO = NO;
				SDKROOT = iphoneos;
				SWIFT_OPTIMIZATION_LEVEL = "-Owholemodule";
				TARGETED_DEVICE_FAMILY = "1,2";
				VALIDATE_PRODUCT = YES;
			};
			name = Release;
		};
		C0E3DF851F06A2CB00A22EA4 /* Debug */ = {
			isa = XCBuildConfiguration;
			baseConfigurationReference = 59B309EE6A3EC82F6164C1CB /* Pods-PiBeacon Client - mobile edition.debug.xcconfig */;
			buildSettings = {
				ASSETCATALOG_COMPILER_APPICON_NAME = AppIcon;
				DEVELOPMENT_TEAM = "";
				INFOPLIST_FILE = "PiBeacon Client - mobile edition/Info.plist";
				IPHONEOS_DEPLOYMENT_TARGET = 11.0;
				LD_RUNPATH_SEARCH_PATHS = "$(inherited) @executable_path/Frameworks";
				PRODUCT_BUNDLE_IDENTIFIER = "com.gerzer.PiBeacon-Client---mobile-edition";
				PRODUCT_NAME = "$(TARGET_NAME)";
				SWIFT_SWIFT3_OBJC_INFERENCE = Default;
				SWIFT_VERSION = 4.0;
				TARGETED_DEVICE_FAMILY = 1;
			};
			name = Debug;
		};
		C0E3DF861F06A2CB00A22EA4 /* Release */ = {
			isa = XCBuildConfiguration;
			baseConfigurationReference = A53299590ACE52D9E14D3B97 /* Pods-PiBeacon Client - mobile edition.release.xcconfig */;
			buildSettings = {
				ASSETCATALOG_COMPILER_APPICON_NAME = AppIcon;
				DEVELOPMENT_TEAM = "";
				INFOPLIST_FILE = "PiBeacon Client - mobile edition/Info.plist";
				IPHONEOS_DEPLOYMENT_TARGET = 11.0;
				LD_RUNPATH_SEARCH_PATHS = "$(inherited) @executable_path/Frameworks";
				PRODUCT_BUNDLE_IDENTIFIER = "com.gerzer.PiBeacon-Client---mobile-edition";
				PRODUCT_NAME = "$(TARGET_NAME)";
				SWIFT_SWIFT3_OBJC_INFERENCE = Default;
				SWIFT_VERSION = 4.0;
				TARGETED_DEVICE_FAMILY = 1;
			};
			name = Release;
		};
		C0E3DF881F06A2CB00A22EA4 /* Debug */ = {
			isa = XCBuildConfiguration;
			baseConfigurationReference = 2A34B67F3BDEE930961F1D1B /* Pods-PiBeacon Client - mobile editionTests.debug.xcconfig */;
			buildSettings = {
				ALWAYS_EMBED_SWIFT_STANDARD_LIBRARIES = YES;
				BUNDLE_LOADER = "$(TEST_HOST)";
				DEVELOPMENT_TEAM = "";
				INFOPLIST_FILE = "PiBeacon Client - mobile editionTests/Info.plist";
				LD_RUNPATH_SEARCH_PATHS = "$(inherited) @executable_path/Frameworks @loader_path/Frameworks";
				PRODUCT_BUNDLE_IDENTIFIER = "com.gerzer.PiBeacon-Client---mobile-editionTests";
				PRODUCT_NAME = "$(TARGET_NAME)";
				SWIFT_SWIFT3_OBJC_INFERENCE = Default;
				SWIFT_VERSION = 4.0;
				TEST_HOST = "$(BUILT_PRODUCTS_DIR)/PiBeacon Client - mobile edition.app/PiBeacon Client - mobile edition";
			};
			name = Debug;
		};
		C0E3DF891F06A2CB00A22EA4 /* Release */ = {
			isa = XCBuildConfiguration;
			baseConfigurationReference = C3ADE6F3D07D29E8788946C9 /* Pods-PiBeacon Client - mobile editionTests.release.xcconfig */;
			buildSettings = {
				ALWAYS_EMBED_SWIFT_STANDARD_LIBRARIES = YES;
				BUNDLE_LOADER = "$(TEST_HOST)";
				DEVELOPMENT_TEAM = "";
				INFOPLIST_FILE = "PiBeacon Client - mobile editionTests/Info.plist";
				LD_RUNPATH_SEARCH_PATHS = "$(inherited) @executable_path/Frameworks @loader_path/Frameworks";
				PRODUCT_BUNDLE_IDENTIFIER = "com.gerzer.PiBeacon-Client---mobile-editionTests";
				PRODUCT_NAME = "$(TARGET_NAME)";
				SWIFT_SWIFT3_OBJC_INFERENCE = Default;
				SWIFT_VERSION = 4.0;
				TEST_HOST = "$(BUILT_PRODUCTS_DIR)/PiBeacon Client - mobile edition.app/PiBeacon Client - mobile edition";
			};
			name = Release;
		};
		C0E3DF8B1F06A2CB00A22EA4 /* Debug */ = {
			isa = XCBuildConfiguration;
			baseConfigurationReference = F54FB560BCF49753B795447E /* Pods-PiBeacon Client - mobile editionUITests.debug.xcconfig */;
			buildSettings = {
				ALWAYS_EMBED_SWIFT_STANDARD_LIBRARIES = YES;
				DEVELOPMENT_TEAM = "";
				INFOPLIST_FILE = "PiBeacon Client - mobile editionUITests/Info.plist";
				LD_RUNPATH_SEARCH_PATHS = "$(inherited) @executable_path/Frameworks @loader_path/Frameworks";
				PRODUCT_BUNDLE_IDENTIFIER = "com.gerzer.PiBeacon-Client---mobile-editionUITests";
				PRODUCT_NAME = "$(TARGET_NAME)";
				SWIFT_SWIFT3_OBJC_INFERENCE = Default;
				SWIFT_VERSION = 4.0;
				TEST_TARGET_NAME = "PiBeacon Client - mobile edition";
			};
			name = Debug;
		};
		C0E3DF8C1F06A2CB00A22EA4 /* Release */ = {
			isa = XCBuildConfiguration;
			baseConfigurationReference = B776EB10D0CD894D5F1E919E /* Pods-PiBeacon Client - mobile editionUITests.release.xcconfig */;
			buildSettings = {
				ALWAYS_EMBED_SWIFT_STANDARD_LIBRARIES = YES;
				DEVELOPMENT_TEAM = "";
				INFOPLIST_FILE = "PiBeacon Client - mobile editionUITests/Info.plist";
				LD_RUNPATH_SEARCH_PATHS = "$(inherited) @executable_path/Frameworks @loader_path/Frameworks";
				PRODUCT_BUNDLE_IDENTIFIER = "com.gerzer.PiBeacon-Client---mobile-editionUITests";
				PRODUCT_NAME = "$(TARGET_NAME)";
				SWIFT_SWIFT3_OBJC_INFERENCE = Default;
				SWIFT_VERSION = 4.0;
				TEST_TARGET_NAME = "PiBeacon Client - mobile edition";
			};
			name = Release;
		};
/* End XCBuildConfiguration section */

/* Begin XCConfigurationList section */
		C0E3DF571F06A2CB00A22EA4 /* Build configuration list for PBXProject "PiBeacon Client - mobile edition" */ = {
			isa = XCConfigurationList;
			buildConfigurations = (
				C0E3DF821F06A2CB00A22EA4 /* Debug */,
				C0E3DF831F06A2CB00A22EA4 /* Release */,
			);
			defaultConfigurationIsVisible = 0;
			defaultConfigurationName = Release;
		};
		C0E3DF841F06A2CB00A22EA4 /* Build configuration list for PBXNativeTarget "PiBeacon Client - mobile edition" */ = {
			isa = XCConfigurationList;
			buildConfigurations = (
				C0E3DF851F06A2CB00A22EA4 /* Debug */,
				C0E3DF861F06A2CB00A22EA4 /* Release */,
			);
			defaultConfigurationIsVisible = 0;
			defaultConfigurationName = Release;
		};
		C0E3DF871F06A2CB00A22EA4 /* Build configuration list for PBXNativeTarget "PiBeacon Client - mobile editionTests" */ = {
			isa = XCConfigurationList;
			buildConfigurations = (
				C0E3DF881F06A2CB00A22EA4 /* Debug */,
				C0E3DF891F06A2CB00A22EA4 /* Release */,
			);
			defaultConfigurationIsVisible = 0;
			defaultConfigurationName = Release;
		};
		C0E3DF8A1F06A2CB00A22EA4 /* Build configuration list for PBXNativeTarget "PiBeacon Client - mobile editionUITests" */ = {
			isa = XCConfigurationList;
			buildConfigurations = (
				C0E3DF8B1F06A2CB00A22EA4 /* Debug */,
				C0E3DF8C1F06A2CB00A22EA4 /* Release */,
			);
			defaultConfigurationIsVisible = 0;
			defaultConfigurationName = Release;
		};
/* End XCConfigurationList section */
	};
	rootObject = C0E3DF541F06A2CB00A22EA4 /* Project object */;
}
